// !$*UTF8*$!
{
	archiveVersion = 1;
	classes = {
	};
	objectVersion = 55;
	objects = {

/* Begin PBXBuildFile section */
		6C2D0D3728BA128D005375D7 /* ConstantKeysUserDefault.swift in Sources */ = {isa = PBXBuildFile; fileRef = 6C2D0D3628BA128D005375D7 /* ConstantKeysUserDefault.swift */; };
		6C2D0D3A28BA13FA005375D7 /* SignUpViewModel.swift in Sources */ = {isa = PBXBuildFile; fileRef = 6C2D0D3928BA13FA005375D7 /* SignUpViewModel.swift */; };
		6C2D0D3C28BA1632005375D7 /* ProfileViewModel.swift in Sources */ = {isa = PBXBuildFile; fileRef = 6C2D0D3B28BA1632005375D7 /* ProfileViewModel.swift */; };
		6C2EF0E528B5055B0058B202 /* AppDelegate.swift in Sources */ = {isa = PBXBuildFile; fileRef = 6C2EF0E428B5055B0058B202 /* AppDelegate.swift */; };
		6C2EF0E728B5055B0058B202 /* SceneDelegate.swift in Sources */ = {isa = PBXBuildFile; fileRef = 6C2EF0E628B5055B0058B202 /* SceneDelegate.swift */; };
		6C2EF0EE28B5055B0058B202 /* Assets.xcassets in Resources */ = {isa = PBXBuildFile; fileRef = 6C2EF0ED28B5055B0058B202 /* Assets.xcassets */; };
		6C2EF0F128B5055B0058B202 /* LaunchScreen.storyboard in Resources */ = {isa = PBXBuildFile; fileRef = 6C2EF0EF28B5055B0058B202 /* LaunchScreen.storyboard */; };
		6C2EF0F928B50D040058B202 /* MainViewController.swift in Sources */ = {isa = PBXBuildFile; fileRef = 6C2EF0F828B50D040058B202 /* MainViewController.swift */; };
		6C2EF10328B50E4F0058B202 /* ProfileViewController.swift in Sources */ = {isa = PBXBuildFile; fileRef = 6C2EF10228B50E4F0058B202 /* ProfileViewController.swift */; };
		6C2EF10628B50EA70058B202 /* TabBarViewController.swift in Sources */ = {isa = PBXBuildFile; fileRef = 6C2EF10528B50EA70058B202 /* TabBarViewController.swift */; };
		6C2EF10828B50EE00058B202 /* SighInViewController.swift in Sources */ = {isa = PBXBuildFile; fileRef = 6C2EF10728B50EE00058B202 /* SighInViewController.swift */; };
		6C2EF10A28B50EF40058B202 /* SighUpViewController.swift in Sources */ = {isa = PBXBuildFile; fileRef = 6C2EF10928B50EF40058B202 /* SighUpViewController.swift */; };
		6C2EF10D28B50F2A0058B202 /* ViewPostViewController.swift in Sources */ = {isa = PBXBuildFile; fileRef = 6C2EF10C28B50F2A0058B202 /* ViewPostViewController.swift */; };
		6C2EF10F28B50F570058B202 /* CreateNewPostViewController.swift in Sources */ = {isa = PBXBuildFile; fileRef = 6C2EF10E28B50F570058B202 /* CreateNewPostViewController.swift */; };
		6C2EF11228B50F980058B202 /* IAPManager.swift in Sources */ = {isa = PBXBuildFile; fileRef = 6C2EF11128B50F980058B202 /* IAPManager.swift */; };
		6C2EF11428B50FB40058B202 /* DatabaseManager.swift in Sources */ = {isa = PBXBuildFile; fileRef = 6C2EF11328B50FB40058B202 /* DatabaseManager.swift */; };
		6C2EF11628B50FD20058B202 /* AuthManager.swift in Sources */ = {isa = PBXBuildFile; fileRef = 6C2EF11528B50FD20058B202 /* AuthManager.swift */; };
		6C2EF11828B50FEA0058B202 /* StorageManager.swift in Sources */ = {isa = PBXBuildFile; fileRef = 6C2EF11728B50FEA0058B202 /* StorageManager.swift */; };
		6C5D1F0928B7B71400097BEE /* PayWallViewController.swift in Sources */ = {isa = PBXBuildFile; fileRef = 6C5D1F0828B7B71400097BEE /* PayWallViewController.swift */; };
		6C5D1F0D28B7BA4300097BEE /* MainViewModel.swift in Sources */ = {isa = PBXBuildFile; fileRef = 6C5D1F0C28B7BA4300097BEE /* MainViewModel.swift */; };
		6C5D1F0F28B7BAC400097BEE /* SignInViewModel.swift in Sources */ = {isa = PBXBuildFile; fileRef = 6C5D1F0E28B7BAC400097BEE /* SignInViewModel.swift */; };
		6C5D1F1228B7C2E900097BEE /* PayWallHeaderView.swift in Sources */ = {isa = PBXBuildFile; fileRef = 6C5D1F1128B7C2E900097BEE /* PayWallHeaderView.swift */; };
		6C5D1F1628B7C4BE00097BEE /* Extensions+UIView.swift in Sources */ = {isa = PBXBuildFile; fileRef = 6C5D1F1528B7C4BE00097BEE /* Extensions+UIView.swift */; };
		6C5D1F1828B7D4B500097BEE /* PayWallDescriptionView.swift in Sources */ = {isa = PBXBuildFile; fileRef = 6C5D1F1728B7D4B500097BEE /* PayWallDescriptionView.swift */; };
		6C6A89D028B62DBC006C972A /* GoogleService-Info.plist in Resources */ = {isa = PBXBuildFile; fileRef = 6C6A89CF28B62DBC006C972A /* GoogleService-Info.plist */; };
		6C6A89D228B637A4006C972A /* UserObject.swift in Sources */ = {isa = PBXBuildFile; fileRef = 6C6A89D128B637A4006C972A /* UserObject.swift */; };
		6C6A89D428B637C2006C972A /* ProfileObject.swift in Sources */ = {isa = PBXBuildFile; fileRef = 6C6A89D328B637C2006C972A /* ProfileObject.swift */; };
		6C6A89D628B637D2006C972A /* BlogPost.swift in Sources */ = {isa = PBXBuildFile; fileRef = 6C6A89D528B637D2006C972A /* BlogPost.swift */; };
		6C6A89D928B63AE6006C972A /* UserDataKeeper.swift in Sources */ = {isa = PBXBuildFile; fileRef = 6C6A89D828B63AE6006C972A /* UserDataKeeper.swift */; };
		6C6BE8FB28B9E7B20030EC34 /* SignHeaderView.swift in Sources */ = {isa = PBXBuildFile; fileRef = 6C6BE8FA28B9E7B20030EC34 /* SignHeaderView.swift */; };
		6C6F20C028B917AE000015F9 /* PayWallViewModel.swift in Sources */ = {isa = PBXBuildFile; fileRef = 6C6F20BF28B917AE000015F9 /* PayWallViewModel.swift */; };
		F1FF4638A342BC9DD082713B /* Pods_Thoughts.framework in Frameworks */ = {isa = PBXBuildFile; fileRef = B152976B95DB8B25F14912DB /* Pods_Thoughts.framework */; };
/* End PBXBuildFile section */

/* Begin PBXFileReference section */
		2EDD7D673EB51FB2B73BDA33 /* Pods-Thoughts.release.xcconfig */ = {isa = PBXFileReference; includeInIndex = 1; lastKnownFileType = text.xcconfig; name = "Pods-Thoughts.release.xcconfig"; path = "Target Support Files/Pods-Thoughts/Pods-Thoughts.release.xcconfig"; sourceTree = "<group>"; };
		6C2D0D3628BA128D005375D7 /* ConstantKeysUserDefault.swift */ = {isa = PBXFileReference; lastKnownFileType = sourcecode.swift; path = ConstantKeysUserDefault.swift; sourceTree = "<group>"; };
		6C2D0D3928BA13FA005375D7 /* SignUpViewModel.swift */ = {isa = PBXFileReference; lastKnownFileType = sourcecode.swift; path = SignUpViewModel.swift; sourceTree = "<group>"; };
		6C2D0D3B28BA1632005375D7 /* ProfileViewModel.swift */ = {isa = PBXFileReference; lastKnownFileType = sourcecode.swift; path = ProfileViewModel.swift; sourceTree = "<group>"; };
		6C2EF0E128B5055B0058B202 /* Thoughts.app */ = {isa = PBXFileReference; explicitFileType = wrapper.application; includeInIndex = 0; path = Thoughts.app; sourceTree = BUILT_PRODUCTS_DIR; };
		6C2EF0E428B5055B0058B202 /* AppDelegate.swift */ = {isa = PBXFileReference; lastKnownFileType = sourcecode.swift; path = AppDelegate.swift; sourceTree = "<group>"; };
		6C2EF0E628B5055B0058B202 /* SceneDelegate.swift */ = {isa = PBXFileReference; lastKnownFileType = sourcecode.swift; path = SceneDelegate.swift; sourceTree = "<group>"; };
		6C2EF0ED28B5055B0058B202 /* Assets.xcassets */ = {isa = PBXFileReference; lastKnownFileType = folder.assetcatalog; path = Assets.xcassets; sourceTree = "<group>"; };
		6C2EF0F028B5055B0058B202 /* Base */ = {isa = PBXFileReference; lastKnownFileType = file.storyboard; name = Base; path = Base.lproj/LaunchScreen.storyboard; sourceTree = "<group>"; };
		6C2EF0F228B5055B0058B202 /* Info.plist */ = {isa = PBXFileReference; lastKnownFileType = text.plist.xml; path = Info.plist; sourceTree = "<group>"; };
		6C2EF0F828B50D040058B202 /* MainViewController.swift */ = {isa = PBXFileReference; lastKnownFileType = sourcecode.swift; path = MainViewController.swift; sourceTree = "<group>"; };
		6C2EF10228B50E4F0058B202 /* ProfileViewController.swift */ = {isa = PBXFileReference; lastKnownFileType = sourcecode.swift; path = ProfileViewController.swift; sourceTree = "<group>"; };
		6C2EF10528B50EA70058B202 /* TabBarViewController.swift */ = {isa = PBXFileReference; lastKnownFileType = sourcecode.swift; path = TabBarViewController.swift; sourceTree = "<group>"; };
		6C2EF10728B50EE00058B202 /* SighInViewController.swift */ = {isa = PBXFileReference; lastKnownFileType = sourcecode.swift; path = SighInViewController.swift; sourceTree = "<group>"; };
		6C2EF10928B50EF40058B202 /* SighUpViewController.swift */ = {isa = PBXFileReference; lastKnownFileType = sourcecode.swift; path = SighUpViewController.swift; sourceTree = "<group>"; };
		6C2EF10C28B50F2A0058B202 /* ViewPostViewController.swift */ = {isa = PBXFileReference; lastKnownFileType = sourcecode.swift; path = ViewPostViewController.swift; sourceTree = "<group>"; };
		6C2EF10E28B50F570058B202 /* CreateNewPostViewController.swift */ = {isa = PBXFileReference; lastKnownFileType = sourcecode.swift; path = CreateNewPostViewController.swift; sourceTree = "<group>"; };
		6C2EF11128B50F980058B202 /* IAPManager.swift */ = {isa = PBXFileReference; lastKnownFileType = sourcecode.swift; path = IAPManager.swift; sourceTree = "<group>"; };
		6C2EF11328B50FB40058B202 /* DatabaseManager.swift */ = {isa = PBXFileReference; lastKnownFileType = sourcecode.swift; path = DatabaseManager.swift; sourceTree = "<group>"; };
		6C2EF11528B50FD20058B202 /* AuthManager.swift */ = {isa = PBXFileReference; lastKnownFileType = sourcecode.swift; path = AuthManager.swift; sourceTree = "<group>"; };
		6C2EF11728B50FEA0058B202 /* StorageManager.swift */ = {isa = PBXFileReference; lastKnownFileType = sourcecode.swift; path = StorageManager.swift; sourceTree = "<group>"; };
		6C2EF11C28B510CD0058B202 /* .gitignore.md */ = {isa = PBXFileReference; lastKnownFileType = net.daringfireball.markdown; path = .gitignore.md; sourceTree = "<group>"; };
		6C5D1F0828B7B71400097BEE /* PayWallViewController.swift */ = {isa = PBXFileReference; lastKnownFileType = sourcecode.swift; path = PayWallViewController.swift; sourceTree = "<group>"; };
		6C5D1F0C28B7BA4300097BEE /* MainViewModel.swift */ = {isa = PBXFileReference; lastKnownFileType = sourcecode.swift; path = MainViewModel.swift; sourceTree = "<group>"; };
		6C5D1F0E28B7BAC400097BEE /* SignInViewModel.swift */ = {isa = PBXFileReference; lastKnownFileType = sourcecode.swift; path = SignInViewModel.swift; sourceTree = "<group>"; };
		6C5D1F1028B7BEA900097BEE /* Configuration.storekit */ = {isa = PBXFileReference; lastKnownFileType = text; path = Configuration.storekit; sourceTree = "<group>"; };
		6C5D1F1128B7C2E900097BEE /* PayWallHeaderView.swift */ = {isa = PBXFileReference; lastKnownFileType = sourcecode.swift; path = PayWallHeaderView.swift; sourceTree = "<group>"; };
		6C5D1F1528B7C4BE00097BEE /* Extensions+UIView.swift */ = {isa = PBXFileReference; lastKnownFileType = sourcecode.swift; path = "Extensions+UIView.swift"; sourceTree = "<group>"; };
		6C5D1F1728B7D4B500097BEE /* PayWallDescriptionView.swift */ = {isa = PBXFileReference; lastKnownFileType = sourcecode.swift; path = PayWallDescriptionView.swift; sourceTree = "<group>"; };
		6C6A89CF28B62DBC006C972A /* GoogleService-Info.plist */ = {isa = PBXFileReference; fileEncoding = 4; lastKnownFileType = text.plist.xml; path = "GoogleService-Info.plist"; sourceTree = "<group>"; };
		6C6A89D128B637A4006C972A /* UserObject.swift */ = {isa = PBXFileReference; lastKnownFileType = sourcecode.swift; path = UserObject.swift; sourceTree = "<group>"; };
		6C6A89D328B637C2006C972A /* ProfileObject.swift */ = {isa = PBXFileReference; lastKnownFileType = sourcecode.swift; path = ProfileObject.swift; sourceTree = "<group>"; };
		6C6A89D528B637D2006C972A /* BlogPost.swift */ = {isa = PBXFileReference; lastKnownFileType = sourcecode.swift; path = BlogPost.swift; sourceTree = "<group>"; };
		6C6A89D828B63AE6006C972A /* UserDataKeeper.swift */ = {isa = PBXFileReference; lastKnownFileType = sourcecode.swift; path = UserDataKeeper.swift; sourceTree = "<group>"; };
		6C6BE8FA28B9E7B20030EC34 /* SignHeaderView.swift */ = {isa = PBXFileReference; lastKnownFileType = sourcecode.swift; path = SignHeaderView.swift; sourceTree = "<group>"; };
		6C6F20BF28B917AE000015F9 /* PayWallViewModel.swift */ = {isa = PBXFileReference; lastKnownFileType = sourcecode.swift; path = PayWallViewModel.swift; sourceTree = "<group>"; };
		9C3AC9A524F4795DD13AC794 /* Pods-Thoughts.debug.xcconfig */ = {isa = PBXFileReference; includeInIndex = 1; lastKnownFileType = text.xcconfig; name = "Pods-Thoughts.debug.xcconfig"; path = "Target Support Files/Pods-Thoughts/Pods-Thoughts.debug.xcconfig"; sourceTree = "<group>"; };
		B152976B95DB8B25F14912DB /* Pods_Thoughts.framework */ = {isa = PBXFileReference; explicitFileType = wrapper.framework; includeInIndex = 0; path = Pods_Thoughts.framework; sourceTree = BUILT_PRODUCTS_DIR; };
/* End PBXFileReference section */

/* Begin PBXFrameworksBuildPhase section */
		6C2EF0DE28B5055B0058B202 /* Frameworks */ = {
			isa = PBXFrameworksBuildPhase;
			buildActionMask = 2147483647;
			files = (
				F1FF4638A342BC9DD082713B /* Pods_Thoughts.framework in Frameworks */,
			);
			runOnlyForDeploymentPostprocessing = 0;
		};
/* End PBXFrameworksBuildPhase section */

/* Begin PBXGroup section */
		42EB5AF78D9E094DEAB87D0D /* Frameworks */ = {
			isa = PBXGroup;
			children = (
				B152976B95DB8B25F14912DB /* Pods_Thoughts.framework */,
			);
			name = Frameworks;
			sourceTree = "<group>";
		};
		5767F5A7A304058B9F601C57 /* Pods */ = {
			isa = PBXGroup;
			children = (
				9C3AC9A524F4795DD13AC794 /* Pods-Thoughts.debug.xcconfig */,
				2EDD7D673EB51FB2B73BDA33 /* Pods-Thoughts.release.xcconfig */,
			);
			path = Pods;
			sourceTree = "<group>";
		};
		6C2D0D3828BA13DD005375D7 /* Auth */ = {
			isa = PBXGroup;
			children = (
				6C5D1F0E28B7BAC400097BEE /* SignInViewModel.swift */,
				6C2D0D3928BA13FA005375D7 /* SignUpViewModel.swift */,
			);
			path = Auth;
			sourceTree = "<group>";
		};
		6C2EF0D828B5055B0058B202 = {
			isa = PBXGroup;
			children = (
				6C2EF11C28B510CD0058B202 /* .gitignore.md */,
				6C2EF0E328B5055B0058B202 /* Thoughts */,
				6C2EF0E228B5055B0058B202 /* Products */,
				5767F5A7A304058B9F601C57 /* Pods */,
				42EB5AF78D9E094DEAB87D0D /* Frameworks */,
			);
			sourceTree = "<group>";
		};
		6C2EF0E228B5055B0058B202 /* Products */ = {
			isa = PBXGroup;
			children = (
				6C2EF0E128B5055B0058B202 /* Thoughts.app */,
			);
			name = Products;
			sourceTree = "<group>";
		};
		6C2EF0E328B5055B0058B202 /* Thoughts */ = {
			isa = PBXGroup;
			children = (
				6C2EF0FA28B50D0E0058B202 /* Resources */,
				6C5D1F1428B7C48700097BEE /* Extensions */,
				6C5D1F0A28B7BA2200097BEE /* ViewModels */,
				6C6A89D728B63AC2006C972A /* Helpers */,
				6C2EF0FE28B50D7F0058B202 /* Managers */,
				6C2EF0FD28B50D6C0058B202 /* Models */,
				6C2EF0FB28B50D1B0058B202 /* Views */,
				6C2EF0FC28B50D280058B202 /* View Controllers */,
				6C2EF0F228B5055B0058B202 /* Info.plist */,
				6C5D1F1028B7BEA900097BEE /* Configuration.storekit */,
			);
			path = Thoughts;
			sourceTree = "<group>";
		};
		6C2EF0FA28B50D0E0058B202 /* Resources */ = {
			isa = PBXGroup;
			children = (
				6C2EF0ED28B5055B0058B202 /* Assets.xcassets */,
				6C6A89CF28B62DBC006C972A /* GoogleService-Info.plist */,
				6C2EF0E628B5055B0058B202 /* SceneDelegate.swift */,
				6C2EF0E428B5055B0058B202 /* AppDelegate.swift */,
			);
			path = Resources;
			sourceTree = "<group>";
		};
		6C2EF0FB28B50D1B0058B202 /* Views */ = {
			isa = PBXGroup;
			children = (
				6C6BE8F928B9E78D0030EC34 /* SighIn */,
				6C5D1F1328B7C2F000097BEE /* PayWallViews */,
				6C2EF0EF28B5055B0058B202 /* LaunchScreen.storyboard */,
			);
			path = Views;
			sourceTree = "<group>";
		};
		6C2EF0FC28B50D280058B202 /* View Controllers */ = {
			isa = PBXGroup;
			children = (
				6C5D1F0728B7B6FA00097BEE /* Other */,
				6C2EF11028B50F630058B202 /* Post */,
				6C2EF10B28B50EFD0058B202 /* Auth */,
				6C2EF10428B50E630058B202 /* TabViewControllers */,
			);
			path = "View Controllers";
			sourceTree = "<group>";
		};
		6C2EF0FD28B50D6C0058B202 /* Models */ = {
			isa = PBXGroup;
			children = (
				6C6A89D128B637A4006C972A /* UserObject.swift */,
				6C6A89D328B637C2006C972A /* ProfileObject.swift */,
				6C6A89D528B637D2006C972A /* BlogPost.swift */,
			);
			path = Models;
			sourceTree = "<group>";
		};
		6C2EF0FE28B50D7F0058B202 /* Managers */ = {
			isa = PBXGroup;
			children = (
				6C2EF11128B50F980058B202 /* IAPManager.swift */,
				6C2EF11328B50FB40058B202 /* DatabaseManager.swift */,
				6C2EF11528B50FD20058B202 /* AuthManager.swift */,
				6C2EF11728B50FEA0058B202 /* StorageManager.swift */,
			);
			path = Managers;
			sourceTree = "<group>";
		};
		6C2EF0FF28B50DDD0058B202 /* Core */ = {
			isa = PBXGroup;
			children = (
				6C2EF10228B50E4F0058B202 /* ProfileViewController.swift */,
				6C2EF0F828B50D040058B202 /* MainViewController.swift */,
			);
			path = Core;
			sourceTree = "<group>";
		};
		6C2EF10428B50E630058B202 /* TabViewControllers */ = {
			isa = PBXGroup;
			children = (
				6C2EF0FF28B50DDD0058B202 /* Core */,
				6C2EF10528B50EA70058B202 /* TabBarViewController.swift */,
			);
			path = TabViewControllers;
			sourceTree = "<group>";
		};
		6C2EF10B28B50EFD0058B202 /* Auth */ = {
			isa = PBXGroup;
			children = (
				6C2EF10928B50EF40058B202 /* SighUpViewController.swift */,
				6C2EF10728B50EE00058B202 /* SighInViewController.swift */,
			);
			path = Auth;
			sourceTree = "<group>";
		};
		6C2EF11028B50F630058B202 /* Post */ = {
			isa = PBXGroup;
			children = (
				6C2EF10C28B50F2A0058B202 /* ViewPostViewController.swift */,
				6C2EF10E28B50F570058B202 /* CreateNewPostViewController.swift */,
			);
			path = Post;
			sourceTree = "<group>";
		};
		6C5D1F0728B7B6FA00097BEE /* Other */ = {
			isa = PBXGroup;
			children = (
				6C5D1F0828B7B71400097BEE /* PayWallViewController.swift */,
			);
			path = Other;
			sourceTree = "<group>";
		};
		6C5D1F0A28B7BA2200097BEE /* ViewModels */ = {
			isa = PBXGroup;
			children = (
				6C2D0D3828BA13DD005375D7 /* Auth */,
				6C6F20BE28B91799000015F9 /* Other */,
				6C5D1F0B28B7BA2C00097BEE /* Core */,
			);
			path = ViewModels;
			sourceTree = "<group>";
		};
		6C5D1F0B28B7BA2C00097BEE /* Core */ = {
			isa = PBXGroup;
			children = (
				6C5D1F0C28B7BA4300097BEE /* MainViewModel.swift */,
				6C2D0D3B28BA1632005375D7 /* ProfileViewModel.swift */,
			);
			path = Core;
			sourceTree = "<group>";
		};
		6C5D1F1328B7C2F000097BEE /* PayWallViews */ = {
			isa = PBXGroup;
			children = (
				6C5D1F1728B7D4B500097BEE /* PayWallDescriptionView.swift */,
				6C5D1F1128B7C2E900097BEE /* PayWallHeaderView.swift */,
			);
			path = PayWallViews;
			sourceTree = "<group>";
		};
		6C5D1F1428B7C48700097BEE /* Extensions */ = {
			isa = PBXGroup;
			children = (
				6C5D1F1528B7C4BE00097BEE /* Extensions+UIView.swift */,
			);
			path = Extensions;
			sourceTree = "<group>";
		};
		6C6A89D728B63AC2006C972A /* Helpers */ = {
			isa = PBXGroup;
			children = (
				6C6A89D828B63AE6006C972A /* UserDataKeeper.swift */,
				6C2D0D3628BA128D005375D7 /* ConstantKeysUserDefault.swift */,
			);
			path = Helpers;
			sourceTree = "<group>";
		};
		6C6BE8F928B9E78D0030EC34 /* SighIn */ = {
			isa = PBXGroup;
			children = (
				6C6BE8FA28B9E7B20030EC34 /* SignHeaderView.swift */,
			);
			path = SighIn;
			sourceTree = "<group>";
		};
		6C6F20BE28B91799000015F9 /* Other */ = {
			isa = PBXGroup;
			children = (
				6C6F20BF28B917AE000015F9 /* PayWallViewModel.swift */,
			);
			path = Other;
			sourceTree = "<group>";
		};
/* End PBXGroup section */

/* Begin PBXNativeTarget section */
		6C2EF0E028B5055B0058B202 /* Thoughts */ = {
			isa = PBXNativeTarget;
			buildConfigurationList = 6C2EF0F528B5055B0058B202 /* Build configuration list for PBXNativeTarget "Thoughts" */;
			buildPhases = (
				D2A2C8DADCA20F655CC16645 /* [CP] Check Pods Manifest.lock */,
				6C2EF0DD28B5055B0058B202 /* Sources */,
				6C2EF0DE28B5055B0058B202 /* Frameworks */,
				6C2EF0DF28B5055B0058B202 /* Resources */,
				BA33EBA98735D6AE1514B0E3 /* [CP] Embed Pods Frameworks */,
			);
			buildRules = (
			);
			dependencies = (
			);
			name = Thoughts;
			productName = Thoughts;
			productReference = 6C2EF0E128B5055B0058B202 /* Thoughts.app */;
			productType = "com.apple.product-type.application";
		};
/* End PBXNativeTarget section */

/* Begin PBXProject section */
		6C2EF0D928B5055B0058B202 /* Project object */ = {
			isa = PBXProject;
			attributes = {
				BuildIndependentTargetsInParallel = 1;
				LastSwiftUpdateCheck = 1340;
				LastUpgradeCheck = 1340;
				TargetAttributes = {
					6C2EF0E028B5055B0058B202 = {
						CreatedOnToolsVersion = 13.4.1;
					};
				};
			};
			buildConfigurationList = 6C2EF0DC28B5055B0058B202 /* Build configuration list for PBXProject "Thoughts" */;
			compatibilityVersion = "Xcode 13.0";
			developmentRegion = en;
			hasScannedForEncodings = 0;
			knownRegions = (
				en,
				Base,
			);
			mainGroup = 6C2EF0D828B5055B0058B202;
			productRefGroup = 6C2EF0E228B5055B0058B202 /* Products */;
			projectDirPath = "";
			projectRoot = "";
			targets = (
				6C2EF0E028B5055B0058B202 /* Thoughts */,
			);
		};
/* End PBXProject section */

/* Begin PBXResourcesBuildPhase section */
		6C2EF0DF28B5055B0058B202 /* Resources */ = {
			isa = PBXResourcesBuildPhase;
			buildActionMask = 2147483647;
			files = (
				6C2EF0F128B5055B0058B202 /* LaunchScreen.storyboard in Resources */,
				6C2EF0EE28B5055B0058B202 /* Assets.xcassets in Resources */,
				6C6A89D028B62DBC006C972A /* GoogleService-Info.plist in Resources */,
			);
			runOnlyForDeploymentPostprocessing = 0;
		};
/* End PBXResourcesBuildPhase section */

/* Begin PBXShellScriptBuildPhase section */
		BA33EBA98735D6AE1514B0E3 /* [CP] Embed Pods Frameworks */ = {
			isa = PBXShellScriptBuildPhase;
			buildActionMask = 2147483647;
			files = (
			);
			inputFileListPaths = (
				"${PODS_ROOT}/Target Support Files/Pods-Thoughts/Pods-Thoughts-frameworks-${CONFIGURATION}-input-files.xcfilelist",
			);
			name = "[CP] Embed Pods Frameworks";
			outputFileListPaths = (
				"${PODS_ROOT}/Target Support Files/Pods-Thoughts/Pods-Thoughts-frameworks-${CONFIGURATION}-output-files.xcfilelist",
			);
			runOnlyForDeploymentPostprocessing = 0;
			shellPath = /bin/sh;
			shellScript = "\"${PODS_ROOT}/Target Support Files/Pods-Thoughts/Pods-Thoughts-frameworks.sh\"\n";
			showEnvVarsInLog = 0;
		};
		D2A2C8DADCA20F655CC16645 /* [CP] Check Pods Manifest.lock */ = {
			isa = PBXShellScriptBuildPhase;
			buildActionMask = 2147483647;
			files = (
			);
			inputFileListPaths = (
			);
			inputPaths = (
				"${PODS_PODFILE_DIR_PATH}/Podfile.lock",
				"${PODS_ROOT}/Manifest.lock",
			);
			name = "[CP] Check Pods Manifest.lock";
			outputFileListPaths = (
			);
			outputPaths = (
				"$(DERIVED_FILE_DIR)/Pods-Thoughts-checkManifestLockResult.txt",
			);
			runOnlyForDeploymentPostprocessing = 0;
			shellPath = /bin/sh;
			shellScript = "diff \"${PODS_PODFILE_DIR_PATH}/Podfile.lock\" \"${PODS_ROOT}/Manifest.lock\" > /dev/null\nif [ $? != 0 ] ; then\n    # print error to STDERR\n    echo \"error: The sandbox is not in sync with the Podfile.lock. Run 'pod install' or update your CocoaPods installation.\" >&2\n    exit 1\nfi\n# This output is used by Xcode 'outputs' to avoid re-running this script phase.\necho \"SUCCESS\" > \"${SCRIPT_OUTPUT_FILE_0}\"\n";
			showEnvVarsInLog = 0;
		};
/* End PBXShellScriptBuildPhase section */

/* Begin PBXSourcesBuildPhase section */
		6C2EF0DD28B5055B0058B202 /* Sources */ = {
			isa = PBXSourcesBuildPhase;
			buildActionMask = 2147483647;
			files = (
				6C2EF10828B50EE00058B202 /* SighInViewController.swift in Sources */,
				6C2EF11628B50FD20058B202 /* AuthManager.swift in Sources */,
				6C2EF0F928B50D040058B202 /* MainViewController.swift in Sources */,
				6C5D1F1228B7C2E900097BEE /* PayWallHeaderView.swift in Sources */,
				6C6A89D628B637D2006C972A /* BlogPost.swift in Sources */,
				6C5D1F0F28B7BAC400097BEE /* SignInViewModel.swift in Sources */,
				6C2D0D3C28BA1632005375D7 /* ProfileViewModel.swift in Sources */,
				6C2D0D3728BA128D005375D7 /* ConstantKeysUserDefault.swift in Sources */,
				6C2EF10A28B50EF40058B202 /* SighUpViewController.swift in Sources */,
				6C6F20C028B917AE000015F9 /* PayWallViewModel.swift in Sources */,
				6C2EF0E528B5055B0058B202 /* AppDelegate.swift in Sources */,
				6C2EF10328B50E4F0058B202 /* ProfileViewController.swift in Sources */,
				6C5D1F1628B7C4BE00097BEE /* Extensions+UIView.swift in Sources */,
				6C5D1F1828B7D4B500097BEE /* PayWallDescriptionView.swift in Sources */,
				6C2D0D3A28BA13FA005375D7 /* SignUpViewModel.swift in Sources */,
				6C6A89D428B637C2006C972A /* ProfileObject.swift in Sources */,
				6C2EF10F28B50F570058B202 /* CreateNewPostViewController.swift in Sources */,
				6C5D1F0928B7B71400097BEE /* PayWallViewController.swift in Sources */,
				6C6BE8FB28B9E7B20030EC34 /* SignHeaderView.swift in Sources */,
				6C2EF11228B50F980058B202 /* IAPManager.swift in Sources */,
				6C2EF10628B50EA70058B202 /* TabBarViewController.swift in Sources */,
				6C6A89D928B63AE6006C972A /* UserDataKeeper.swift in Sources */,
				6C5D1F0D28B7BA4300097BEE /* MainViewModel.swift in Sources */,
				6C2EF0E728B5055B0058B202 /* SceneDelegate.swift in Sources */,
				6C2EF10D28B50F2A0058B202 /* ViewPostViewController.swift in Sources */,
				6C2EF11428B50FB40058B202 /* DatabaseManager.swift in Sources */,
				6C2EF11828B50FEA0058B202 /* StorageManager.swift in Sources */,
				6C6A89D228B637A4006C972A /* UserObject.swift in Sources */,
			);
			runOnlyForDeploymentPostprocessing = 0;
		};
/* End PBXSourcesBuildPhase section */

/* Begin PBXVariantGroup section */
		6C2EF0EF28B5055B0058B202 /* LaunchScreen.storyboard */ = {
			isa = PBXVariantGroup;
			children = (
				6C2EF0F028B5055B0058B202 /* Base */,
			);
			name = LaunchScreen.storyboard;
			sourceTree = "<group>";
		};
/* End PBXVariantGroup section */

/* Begin XCBuildConfiguration section */
		6C2EF0F328B5055B0058B202 /* Debug */ = {
			isa = XCBuildConfiguration;
			buildSettings = {
				ALWAYS_SEARCH_USER_PATHS = NO;
				CLANG_ANALYZER_NONNULL = YES;
				CLANG_ANALYZER_NUMBER_OBJECT_CONVERSION = YES_AGGRESSIVE;
				CLANG_CXX_LANGUAGE_STANDARD = "gnu++17";
				CLANG_ENABLE_MODULES = YES;
				CLANG_ENABLE_OBJC_ARC = YES;
				CLANG_ENABLE_OBJC_WEAK = YES;
				CLANG_WARN_BLOCK_CAPTURE_AUTORELEASING = YES;
				CLANG_WARN_BOOL_CONVERSION = YES;
				CLANG_WARN_COMMA = YES;
				CLANG_WARN_CONSTANT_CONVERSION = YES;
				CLANG_WARN_DEPRECATED_OBJC_IMPLEMENTATIONS = YES;
				CLANG_WARN_DIRECT_OBJC_ISA_USAGE = YES_ERROR;
				CLANG_WARN_DOCUMENTATION_COMMENTS = YES;
				CLANG_WARN_EMPTY_BODY = YES;
				CLANG_WARN_ENUM_CONVERSION = YES;
				CLANG_WARN_INFINITE_RECURSION = YES;
				CLANG_WARN_INT_CONVERSION = YES;
				CLANG_WARN_NON_LITERAL_NULL_CONVERSION = YES;
				CLANG_WARN_OBJC_IMPLICIT_RETAIN_SELF = YES;
				CLANG_WARN_OBJC_LITERAL_CONVERSION = YES;
				CLANG_WARN_OBJC_ROOT_CLASS = YES_ERROR;
				CLANG_WARN_QUOTED_INCLUDE_IN_FRAMEWORK_HEADER = YES;
				CLANG_WARN_RANGE_LOOP_ANALYSIS = YES;
				CLANG_WARN_STRICT_PROTOTYPES = YES;
				CLANG_WARN_SUSPICIOUS_MOVE = YES;
				CLANG_WARN_UNGUARDED_AVAILABILITY = YES_AGGRESSIVE;
				CLANG_WARN_UNREACHABLE_CODE = YES;
				CLANG_WARN__DUPLICATE_METHOD_MATCH = YES;
				COPY_PHASE_STRIP = NO;
				DEBUG_INFORMATION_FORMAT = dwarf;
				ENABLE_STRICT_OBJC_MSGSEND = YES;
				ENABLE_TESTABILITY = YES;
				GCC_C_LANGUAGE_STANDARD = gnu11;
				GCC_DYNAMIC_NO_PIC = NO;
				GCC_NO_COMMON_BLOCKS = YES;
				GCC_OPTIMIZATION_LEVEL = 0;
				GCC_PREPROCESSOR_DEFINITIONS = (
					"DEBUG=1",
					"$(inherited)",
				);
				GCC_WARN_64_TO_32_BIT_CONVERSION = YES;
				GCC_WARN_ABOUT_RETURN_TYPE = YES_ERROR;
				GCC_WARN_UNDECLARED_SELECTOR = YES;
				GCC_WARN_UNINITIALIZED_AUTOS = YES_AGGRESSIVE;
				GCC_WARN_UNUSED_FUNCTION = YES;
				GCC_WARN_UNUSED_VARIABLE = YES;
				IPHONEOS_DEPLOYMENT_TARGET = 15.5;
				MTL_ENABLE_DEBUG_INFO = INCLUDE_SOURCE;
				MTL_FAST_MATH = YES;
				ONLY_ACTIVE_ARCH = YES;
				SDKROOT = iphoneos;
				SWIFT_ACTIVE_COMPILATION_CONDITIONS = DEBUG;
				SWIFT_OPTIMIZATION_LEVEL = "-Onone";
			};
			name = Debug;
		};
		6C2EF0F428B5055B0058B202 /* Release */ = {
			isa = XCBuildConfiguration;
			buildSettings = {
				ALWAYS_SEARCH_USER_PATHS = NO;
				CLANG_ANALYZER_NONNULL = YES;
				CLANG_ANALYZER_NUMBER_OBJECT_CONVERSION = YES_AGGRESSIVE;
				CLANG_CXX_LANGUAGE_STANDARD = "gnu++17";
				CLANG_ENABLE_MODULES = YES;
				CLANG_ENABLE_OBJC_ARC = YES;
				CLANG_ENABLE_OBJC_WEAK = YES;
				CLANG_WARN_BLOCK_CAPTURE_AUTORELEASING = YES;
				CLANG_WARN_BOOL_CONVERSION = YES;
				CLANG_WARN_COMMA = YES;
				CLANG_WARN_CONSTANT_CONVERSION = YES;
				CLANG_WARN_DEPRECATED_OBJC_IMPLEMENTATIONS = YES;
				CLANG_WARN_DIRECT_OBJC_ISA_USAGE = YES_ERROR;
				CLANG_WARN_DOCUMENTATION_COMMENTS = YES;
				CLANG_WARN_EMPTY_BODY = YES;
				CLANG_WARN_ENUM_CONVERSION = YES;
				CLANG_WARN_INFINITE_RECURSION = YES;
				CLANG_WARN_INT_CONVERSION = YES;
				CLANG_WARN_NON_LITERAL_NULL_CONVERSION = YES;
				CLANG_WARN_OBJC_IMPLICIT_RETAIN_SELF = YES;
				CLANG_WARN_OBJC_LITERAL_CONVERSION = YES;
				CLANG_WARN_OBJC_ROOT_CLASS = YES_ERROR;
				CLANG_WARN_QUOTED_INCLUDE_IN_FRAMEWORK_HEADER = YES;
				CLANG_WARN_RANGE_LOOP_ANALYSIS = YES;
				CLANG_WARN_STRICT_PROTOTYPES = YES;
				CLANG_WARN_SUSPICIOUS_MOVE = YES;
				CLANG_WARN_UNGUARDED_AVAILABILITY = YES_AGGRESSIVE;
				CLANG_WARN_UNREACHABLE_CODE = YES;
				CLANG_WARN__DUPLICATE_METHOD_MATCH = YES;
				COPY_PHASE_STRIP = NO;
				DEBUG_INFORMATION_FORMAT = "dwarf-with-dsym";
				ENABLE_NS_ASSERTIONS = NO;
				ENABLE_STRICT_OBJC_MSGSEND = YES;
				GCC_C_LANGUAGE_STANDARD = gnu11;
				GCC_NO_COMMON_BLOCKS = YES;
				GCC_WARN_64_TO_32_BIT_CONVERSION = YES;
				GCC_WARN_ABOUT_RETURN_TYPE = YES_ERROR;
				GCC_WARN_UNDECLARED_SELECTOR = YES;
				GCC_WARN_UNINITIALIZED_AUTOS = YES_AGGRESSIVE;
				GCC_WARN_UNUSED_FUNCTION = YES;
				GCC_WARN_UNUSED_VARIABLE = YES;
				IPHONEOS_DEPLOYMENT_TARGET = 15.5;
				MTL_ENABLE_DEBUG_INFO = NO;
				MTL_FAST_MATH = YES;
				SDKROOT = iphoneos;
				SWIFT_COMPILATION_MODE = wholemodule;
				SWIFT_OPTIMIZATION_LEVEL = "-O";
				VALIDATE_PRODUCT = YES;
			};
			name = Release;
		};
		6C2EF0F628B5055B0058B202 /* Debug */ = {
			isa = XCBuildConfiguration;
			baseConfigurationReference = 9C3AC9A524F4795DD13AC794 /* Pods-Thoughts.debug.xcconfig */;
			buildSettings = {
				ASSETCATALOG_COMPILER_APPICON_NAME = AppIcon;
				ASSETCATALOG_COMPILER_GLOBAL_ACCENT_COLOR_NAME = AccentColor;
				CODE_SIGN_STYLE = Automatic;
				CURRENT_PROJECT_VERSION = 1;
				DEVELOPMENT_TEAM = GJCKNQ9BXM;
				GENERATE_INFOPLIST_FILE = YES;
				INFOPLIST_FILE = Thoughts/Info.plist;
				INFOPLIST_KEY_UIApplicationSupportsIndirectInputEvents = YES;
				INFOPLIST_KEY_UILaunchStoryboardName = LaunchScreen;
				INFOPLIST_KEY_UISupportedInterfaceOrientations_iPad = "UIInterfaceOrientationPortrait UIInterfaceOrientationPortraitUpsideDown UIInterfaceOrientationLandscapeLeft UIInterfaceOrientationLandscapeRight";
				INFOPLIST_KEY_UISupportedInterfaceOrientations_iPhone = "UIInterfaceOrientationPortrait UIInterfaceOrientationLandscapeLeft UIInterfaceOrientationLandscapeRight";
				LD_RUNPATH_SEARCH_PATHS = (
					"$(inherited)",
					"@executable_path/Frameworks",
				);
				MARKETING_VERSION = 1.0;
				PRODUCT_BUNDLE_IDENTIFIER = "Alex-Kravc.Thoughts";
				PRODUCT_NAME = "$(TARGET_NAME)";
				SWIFT_EMIT_LOC_STRINGS = YES;
				SWIFT_VERSION = 5.0;
				TARGETED_DEVICE_FAMILY = 1;
			};
			name = Debug;
		};
		6C2EF0F728B5055B0058B202 /* Release */ = {
			isa = XCBuildConfiguration;
			baseConfigurationReference = 2EDD7D673EB51FB2B73BDA33 /* Pods-Thoughts.release.xcconfig */;
			buildSettings = {
				ASSETCATALOG_COMPILER_APPICON_NAME = AppIcon;
				ASSETCATALOG_COMPILER_GLOBAL_ACCENT_COLOR_NAME = AccentColor;
				CODE_SIGN_STYLE = Automatic;
				CURRENT_PROJECT_VERSION = 1;
				DEVELOPMENT_TEAM = GJCKNQ9BXM;
				GENERATE_INFOPLIST_FILE = YES;
				INFOPLIST_FILE = Thoughts/Info.plist;
				INFOPLIST_KEY_UIApplicationSupportsIndirectInputEvents = YES;
				INFOPLIST_KEY_UILaunchStoryboardName = LaunchScreen;
				INFOPLIST_KEY_UISupportedInterfaceOrientations_iPad = "UIInterfaceOrientationPortrait UIInterfaceOrientationPortraitUpsideDown UIInterfaceOrientationLandscapeLeft UIInterfaceOrientationLandscapeRight";
				INFOPLIST_KEY_UISupportedInterfaceOrientations_iPhone = "UIInterfaceOrientationPortrait UIInterfaceOrientationLandscapeLeft UIInterfaceOrientationLandscapeRight";
				LD_RUNPATH_SEARCH_PATHS = (
					"$(inherited)",
					"@executable_path/Frameworks",
				);
				MARKETING_VERSION = 1.0;
				PRODUCT_BUNDLE_IDENTIFIER = "Alex-Kravc.Thoughts";
				PRODUCT_NAME = "$(TARGET_NAME)";
				SWIFT_EMIT_LOC_STRINGS = YES;
				SWIFT_VERSION = 5.0;
				TARGETED_DEVICE_FAMILY = 1;
			};
			name = Release;
		};
/* End XCBuildConfiguration section */

/* Begin XCConfigurationList section */
		6C2EF0DC28B5055B0058B202 /* Build configuration list for PBXProject "Thoughts" */ = {
			isa = XCConfigurationList;
			buildConfigurations = (
				6C2EF0F328B5055B0058B202 /* Debug */,
				6C2EF0F428B5055B0058B202 /* Release */,
			);
			defaultConfigurationIsVisible = 0;
			defaultConfigurationName = Release;
		};
		6C2EF0F528B5055B0058B202 /* Build configuration list for PBXNativeTarget "Thoughts" */ = {
			isa = XCConfigurationList;
			buildConfigurations = (
				6C2EF0F628B5055B0058B202 /* Debug */,
				6C2EF0F728B5055B0058B202 /* Release */,
			);
			defaultConfigurationIsVisible = 0;
			defaultConfigurationName = Release;
		};
/* End XCConfigurationList section */
	};
	rootObject = 6C2EF0D928B5055B0058B202 /* Project object */;
}
